{
  "requires": true,
  "lockfileVersion": 1,
  "dependencies": {
    "@lrnwebcomponents/lrn-button": {
      "version": "3.0.6",
      "resolved": "https://registry.npmjs.org/@lrnwebcomponents/lrn-button/-/lrn-button-3.0.6.tgz",
      "integrity": "sha512-vFGa2dIsOwIxgAvvxkUFH5xecjmWI1zKx50xW1SIbTLfvdT/uUsoLDHRkCRpt5tgi/g/ZVTAkIneXEl6P/isnw==",
      "requires": {
        "@lrnwebcomponents/materializecss-styles": "^3.0.6",
        "@lrnwebcomponents/simple-icon": "^3.0.6",
        "@lrnwebcomponents/simple-tooltip": "^3.0.5",
        "lit-element": "2.4.0"
      }
    },
    "@lrnwebcomponents/materializecss-styles": {
      "version": "3.0.6",
      "resolved": "https://registry.npmjs.org/@lrnwebcomponents/materializecss-styles/-/materializecss-styles-3.0.6.tgz",
      "integrity": "sha512-2wznSsNdGHkLpeUeIYwxccBuk/dWgUbERpf5rRfYjoWKqbyqaePWz2KiJrgV8LSoTdTvaOBYVFjWBuLx33Z78g==",
      "requires": {
        "@polymer/polymer": "^3.3.1"
      }
    },
    "@lrnwebcomponents/simple-colors": {
      "version": "3.0.6",
      "resolved": "https://registry.npmjs.org/@lrnwebcomponents/simple-colors/-/simple-colors-3.0.6.tgz",
      "integrity": "sha512-1JRgYDa9RPFzDntZ82CWOLgnRYy6by+mDQbgTWbmvHYS38sGd2B7UyQ67fmUTdJMR+LL7uL/EZKQJVQmdISKrw==",
      "requires": {
        "@lrnwebcomponents/simple-colors-shared-styles": "^3.0.5",
        "@lrnwebcomponents/simple-picker": "^3.0.6",
        "lit-element": "2.4.0"
      }
    },
    "@lrnwebcomponents/simple-colors-shared-styles": {
      "version": "3.0.5",
      "resolved": "https://registry.npmjs.org/@lrnwebcomponents/simple-colors-shared-styles/-/simple-colors-shared-styles-3.0.5.tgz",
      "integrity": "sha512-WJ5t/8SzTSxBPkmmWgOmD0wuS+nf0gccQH6PXeMlBv6MXU/+uGCih5dPMJg/iRRqOo13diRBfeCT0IvfJEQF7A==",
      "requires": {
        "lit-element": "2.4.0"
      }
    },
    "@lrnwebcomponents/simple-icon": {
      "version": "3.0.6",
      "resolved": "https://registry.npmjs.org/@lrnwebcomponents/simple-icon/-/simple-icon-3.0.6.tgz",
      "integrity": "sha512-sp+dbqtW0MmxHnlcvpAIcbj/rM2DR6z2Dvd3ur1s99XnX9mmli3b6gmUUyVhQOOR3qz5J1GG6nHxTEgwxByNIA==",
      "requires": {
        "@lrnwebcomponents/simple-colors": "^3.0.6",
        "lit-element": "2.4.0"
      }
    },
    "@lrnwebcomponents/simple-picker": {
      "version": "3.0.6",
      "resolved": "https://registry.npmjs.org/@lrnwebcomponents/simple-picker/-/simple-picker-3.0.6.tgz",
      "integrity": "sha512-a5dvc8AC6hrbKTjG4WdgnSWSolvWYgb5ZkOTACpoLndHViSWkopK5W/pi6cyWKvCcQXDvz/dNQkwE6xvKus6qQ==",
      "requires": {
        "@lrnwebcomponents/simple-icon": "^3.0.6",
        "lit-element": "2.4.0"
      }
    },
    "@lrnwebcomponents/simple-tooltip": {
      "version": "3.0.5",
      "resolved": "https://registry.npmjs.org/@lrnwebcomponents/simple-tooltip/-/simple-tooltip-3.0.5.tgz",
      "integrity": "sha512-yGiGSxVo3q9MZ8SENz9zZCAhQTye62UuUNGakI8rPPvJpQFkBT4LC81W4rdDk46zWUHA3I8hGnmSIiZHt9C8zQ==",
      "requires": {
        "lit-element": "2.4.0"
      }
    },
    "@polymer/polymer": {
      "version": "3.4.1",
      "resolved": "https://registry.npmjs.org/@polymer/polymer/-/polymer-3.4.1.tgz",
      "integrity": "sha512-KPWnhDZibtqKrUz7enIPOiO4ZQoJNOuLwqrhV2MXzIt3VVnUVJVG5ORz4Z2sgO+UZ+/UZnPD0jqY+jmw/+a9mQ==",
      "requires": {
        "@webcomponents/shadycss": "^1.9.1"
      }
    },
    "@webcomponents/shadycss": {
      "version": "1.10.2",
      "resolved": "https://registry.npmjs.org/@webcomponents/shadycss/-/shadycss-1.10.2.tgz",
      "integrity": "sha512-9Iseu8bRtecb0klvv+WXZOVZatsRkbaH7M97Z+f+Pt909R4lDfgUODAnra23DOZTpeMTAkVpf4m/FZztN7Ox1A=="
    },
    "lit-element": {
      "version": "2.4.0",
      "resolved": "https://registry.npmjs.org/lit-element/-/lit-element-2.4.0.tgz",
      "integrity": "sha512-pBGLglxyhq/Prk2H91nA0KByq/hx/wssJBQFiYqXhGDvEnY31PRGYf1RglVzyLeRysu0IHm2K0P196uLLWmwFg==",
      "requires": {
        "lit-html": "^1.1.1"
      }
    },
    "lit-html": {
      "version": "1.3.0",
      "resolved": "https://registry.npmjs.org/lit-html/-/lit-html-1.3.0.tgz",
      "integrity": "sha512-0Q1bwmaFH9O14vycPHw8C/IeHMk/uSDldVLIefu/kfbTBGIc44KGH6A8p1bDfxUfHdc8q6Ct7kQklWoHgr4t1Q=="
    }
  }
}
