{
  "requires": true,
  "lockfileVersion": 1,
  "dependencies": {
    "@juggle/resize-observer": {
      "version": "3.3.0",
      "resolved": "https://registry.npmjs.org/@juggle/resize-observer/-/resize-observer-3.3.0.tgz",
      "integrity": "sha512-P1v2nvK7z2gOLVM/bveIRLG9L99uEahTGgTltyF03zixZAjI9YmKLj5Z9MpS9wBIUt5WDoQORT2lXvLOIF89iA=="
    },
    "@lrnwebcomponents/a11y-tabs": {
      "version": "3.0.6",
      "resolved": "https://registry.npmjs.org/@lrnwebcomponents/a11y-tabs/-/a11y-tabs-3.0.6.tgz",
      "integrity": "sha512-gr/U0G+XqNobjG/s069G/2rojdsbzWIb+8HTnrmkE3h1c21nPyrWurcy3Atr11UlfGyYGefu/6K1LYHetDSXww==",
      "requires": {
        "@lrnwebcomponents/responsive-utility": "^3.0.6",
        "@lrnwebcomponents/simple-icon": "^3.0.6",
        "@lrnwebcomponents/simple-tooltip": "^3.0.5",
        "lit-element": "2.4.0"
      }
    },
    "@lrnwebcomponents/code-editor": {
      "version": "3.0.6",
      "resolved": "https://registry.npmjs.org/@lrnwebcomponents/code-editor/-/code-editor-3.0.6.tgz",
      "integrity": "sha512-f13FgcFIMnAraJivn4n32fJ/81Cq4HafwwAtGp/ZK3VB7C5UXab8SyNGSx6WTikmYjIe9fuTDu+BMsjs3UX6cg==",
      "requires": {
        "@lrnwebcomponents/schema-behaviors": "^3.0.6",
        "@lrnwebcomponents/utils": "^3.0.0",
        "lit-element": "2.4.0",
        "monaco-editor": "^0.15.0"
      }
    },
    "@lrnwebcomponents/hax-iconset": {
      "version": "3.0.6",
      "resolved": "https://registry.npmjs.org/@lrnwebcomponents/hax-iconset/-/hax-iconset-3.0.6.tgz",
      "integrity": "sha512-XoHvoYb33XUWdz98ASEXNl4s3c9xb37p1AjuK0QdgIn7EVSUT2b7BFdc51xIDKPmwaf/C01v9Rfhjo3IarlEjg==",
      "requires": {
        "@lrnwebcomponents/simple-icon": "^3.0.6"
      }
    },
    "@lrnwebcomponents/lrn-button": {
      "version": "3.0.6",
      "resolved": "https://registry.npmjs.org/@lrnwebcomponents/lrn-button/-/lrn-button-3.0.6.tgz",
      "integrity": "sha512-vFGa2dIsOwIxgAvvxkUFH5xecjmWI1zKx50xW1SIbTLfvdT/uUsoLDHRkCRpt5tgi/g/ZVTAkIneXEl6P/isnw==",
      "requires": {
        "@lrnwebcomponents/materializecss-styles": "^3.0.6",
        "@lrnwebcomponents/simple-icon": "^3.0.6",
        "@lrnwebcomponents/simple-tooltip": "^3.0.5",
        "lit-element": "2.4.0"
      }
    },
    "@lrnwebcomponents/materializecss-styles": {
      "version": "3.0.6",
      "resolved": "https://registry.npmjs.org/@lrnwebcomponents/materializecss-styles/-/materializecss-styles-3.0.6.tgz",
      "integrity": "sha512-2wznSsNdGHkLpeUeIYwxccBuk/dWgUbERpf5rRfYjoWKqbyqaePWz2KiJrgV8LSoTdTvaOBYVFjWBuLx33Z78g==",
      "requires": {
        "@polymer/polymer": "^3.3.1"
      }
    },
    "@lrnwebcomponents/responsive-utility": {
      "version": "3.0.6",
      "resolved": "https://registry.npmjs.org/@lrnwebcomponents/responsive-utility/-/responsive-utility-3.0.6.tgz",
      "integrity": "sha512-pS8FbeXc2xXcru45Bt4X4vceKPsRpMK/256Qs8FTJX1Tw2dJ4VWbXG19m9gP/GjmgkHRWMbeXV8gHjQe5sEwbg==",
      "requires": {
        "@juggle/resize-observer": "^3.0.0",
        "lit-element": "2.4.0"
      }
    },
    "@lrnwebcomponents/schema-behaviors": {
      "version": "3.0.6",
      "resolved": "https://registry.npmjs.org/@lrnwebcomponents/schema-behaviors/-/schema-behaviors-3.0.6.tgz",
      "integrity": "sha512-3bZEnA5I4BtQsrJ3+fy6CEjymqSFLGmNlrFpTNpV+IeDCQB46OaM72CB37rhY/jO4bTN1Uhv93b0rza7OQh2jw==",
      "requires": {
        "@lrnwebcomponents/utils": "^3.0.0"
      }
    },
    "@lrnwebcomponents/simple-colors": {
      "version": "3.0.6",
      "resolved": "https://registry.npmjs.org/@lrnwebcomponents/simple-colors/-/simple-colors-3.0.6.tgz",
      "integrity": "sha512-1JRgYDa9RPFzDntZ82CWOLgnRYy6by+mDQbgTWbmvHYS38sGd2B7UyQ67fmUTdJMR+LL7uL/EZKQJVQmdISKrw==",
      "requires": {
        "@lrnwebcomponents/simple-colors-shared-styles": "^3.0.5",
        "@lrnwebcomponents/simple-picker": "^3.0.6",
        "lit-element": "2.4.0"
      }
    },
    "@lrnwebcomponents/simple-colors-shared-styles": {
      "version": "3.0.5",
      "resolved": "https://registry.npmjs.org/@lrnwebcomponents/simple-colors-shared-styles/-/simple-colors-shared-styles-3.0.5.tgz",
      "integrity": "sha512-WJ5t/8SzTSxBPkmmWgOmD0wuS+nf0gccQH6PXeMlBv6MXU/+uGCih5dPMJg/iRRqOo13diRBfeCT0IvfJEQF7A==",
      "requires": {
        "lit-element": "2.4.0"
      }
    },
    "@lrnwebcomponents/simple-fields": {
      "version": "3.0.6",
      "resolved": "https://registry.npmjs.org/@lrnwebcomponents/simple-fields/-/simple-fields-3.0.6.tgz",
      "integrity": "sha512-6PGl5zECaT2RW4mUSFwP8FDTAlLlf7hrdWNcs0gBnJwOvziPqQ2R8DCgpScU8UNvlB5CsmZcME+WG1Bx1vLODw==",
      "requires": {
        "@lrnwebcomponents/a11y-tabs": "^3.0.6",
        "@lrnwebcomponents/code-editor": "^3.0.6",
        "@lrnwebcomponents/hax-iconset": "^3.0.6",
        "@lrnwebcomponents/simple-colors": "^3.0.6",
        "@lrnwebcomponents/simple-icon": "^3.0.6",
        "@lrnwebcomponents/simple-icon-picker": "^3.0.6",
        "@lrnwebcomponents/simple-picker": "^3.0.6",
        "@lrnwebcomponents/simple-tooltip": "^3.0.5",
        "@lrnwebcomponents/voice-recorder": "^3.0.6",
        "@vaadin/vaadin-upload": "^4.4.1",
        "lit-element": "2.4.0"
      }
    },
    "@lrnwebcomponents/simple-icon": {
      "version": "3.0.6",
      "resolved": "https://registry.npmjs.org/@lrnwebcomponents/simple-icon/-/simple-icon-3.0.6.tgz",
      "integrity": "sha512-sp+dbqtW0MmxHnlcvpAIcbj/rM2DR6z2Dvd3ur1s99XnX9mmli3b6gmUUyVhQOOR3qz5J1GG6nHxTEgwxByNIA==",
      "requires": {
        "@lrnwebcomponents/simple-colors": "^3.0.6",
        "lit-element": "2.4.0"
      }
    },
    "@lrnwebcomponents/simple-icon-picker": {
      "version": "3.0.6",
      "resolved": "https://registry.npmjs.org/@lrnwebcomponents/simple-icon-picker/-/simple-icon-picker-3.0.6.tgz",
      "integrity": "sha512-MAULfRyTzpo+NYk/sMeThlt+8LGhk2RX+QhsyOhbeGClBjEi1y0Bxr0bt7b7jYv04hBVdAoAvtQI1o7m7zYBhA==",
      "requires": {
        "@lrnwebcomponents/simple-picker": "^3.0.6",
        "@polymer/iron-meta": "^3.0.1",
        "lit-element": "2.4.0"
      }
    },
    "@lrnwebcomponents/simple-picker": {
      "version": "3.0.6",
      "resolved": "https://registry.npmjs.org/@lrnwebcomponents/simple-picker/-/simple-picker-3.0.6.tgz",
      "integrity": "sha512-a5dvc8AC6hrbKTjG4WdgnSWSolvWYgb5ZkOTACpoLndHViSWkopK5W/pi6cyWKvCcQXDvz/dNQkwE6xvKus6qQ==",
      "requires": {
        "@lrnwebcomponents/simple-icon": "^3.0.6",
        "lit-element": "2.4.0"
      }
    },
    "@lrnwebcomponents/simple-tooltip": {
      "version": "3.0.5",
      "resolved": "https://registry.npmjs.org/@lrnwebcomponents/simple-tooltip/-/simple-tooltip-3.0.5.tgz",
      "integrity": "sha512-yGiGSxVo3q9MZ8SENz9zZCAhQTye62UuUNGakI8rPPvJpQFkBT4LC81W4rdDk46zWUHA3I8hGnmSIiZHt9C8zQ==",
      "requires": {
        "lit-element": "2.4.0"
      }
    },
    "@lrnwebcomponents/utils": {
      "version": "3.0.0",
      "resolved": "https://registry.npmjs.org/@lrnwebcomponents/utils/-/utils-3.0.0.tgz",
      "integrity": "sha512-z8s3fCIWq1lm+ptI1yQwR+t0twB+kKo/Kv0bbmihBbMi98uRvkucXQkDaam7X6/EKOI9IHMxM4P7khoGTHeSDg=="
    },
    "@lrnwebcomponents/voice-recorder": {
      "version": "3.0.6",
      "resolved": "https://registry.npmjs.org/@lrnwebcomponents/voice-recorder/-/voice-recorder-3.0.6.tgz",
      "integrity": "sha512-CN6D3q+z8LAD1vhnIbwnZzikOSZlvaVVIKpRCeZTelYPg6F6p3BG5hvnGgq5wdiUgkjm1lpS8hlevvYcwfH10A==",
      "requires": {
        "@lrnwebcomponents/hax-iconset": "^3.0.6",
        "@lrnwebcomponents/simple-icon": "^3.0.6",
        "lit-element": "2.4.0"
      }
    },
    "@polymer/iron-flex-layout": {
      "version": "3.0.1",
      "resolved": "https://registry.npmjs.org/@polymer/iron-flex-layout/-/iron-flex-layout-3.0.1.tgz",
      "integrity": "sha512-7gB869czArF+HZcPTVSgvA7tXYFze9EKckvM95NB7SqYF+NnsQyhoXgKnpFwGyo95lUjUW9TFDLUwDXnCYFtkw==",
      "requires": {
        "@polymer/polymer": "^3.0.0"
      }
    },
    "@polymer/iron-icon": {
      "version": "3.0.1",
      "resolved": "https://registry.npmjs.org/@polymer/iron-icon/-/iron-icon-3.0.1.tgz",
      "integrity": "sha512-QLPwirk+UPZNaLnMew9VludXA4CWUCenRewgEcGYwdzVgDPCDbXxy6vRJjmweZobMQv/oVLppT2JZtJFnPxX6g==",
      "requires": {
        "@polymer/iron-flex-layout": "^3.0.0-pre.26",
        "@polymer/iron-meta": "^3.0.0-pre.26",
        "@polymer/polymer": "^3.0.0"
      }
    },
    "@polymer/iron-iconset-svg": {
      "version": "3.0.1",
      "resolved": "https://registry.npmjs.org/@polymer/iron-iconset-svg/-/iron-iconset-svg-3.0.1.tgz",
      "integrity": "sha512-XNwURbNHRw6u2fJe05O5fMYye6GSgDlDqCO+q6K1zAnKIrpgZwf2vTkBd5uCcZwsN0FyCB3mvNZx4jkh85dRDw==",
      "requires": {
        "@polymer/iron-meta": "^3.0.0-pre.26",
        "@polymer/polymer": "^3.0.0"
      }
    },
    "@polymer/iron-meta": {
      "version": "3.0.1",
      "resolved": "https://registry.npmjs.org/@polymer/iron-meta/-/iron-meta-3.0.1.tgz",
      "integrity": "sha512-pWguPugiLYmWFV9UWxLWzZ6gm4wBwQdDy4VULKwdHCqR7OP7u98h+XDdGZsSlDPv6qoryV/e3tGHlTIT0mbzJA==",
      "requires": {
        "@polymer/polymer": "^3.0.0"
      }
    },
    "@polymer/polymer": {
      "version": "3.4.1",
      "resolved": "https://registry.npmjs.org/@polymer/polymer/-/polymer-3.4.1.tgz",
      "integrity": "sha512-KPWnhDZibtqKrUz7enIPOiO4ZQoJNOuLwqrhV2MXzIt3VVnUVJVG5ORz4Z2sgO+UZ+/UZnPD0jqY+jmw/+a9mQ==",
      "requires": {
        "@webcomponents/shadycss": "^1.9.1"
      }
    },
    "@vaadin/vaadin-button": {
      "version": "2.4.0",
      "resolved": "https://registry.npmjs.org/@vaadin/vaadin-button/-/vaadin-button-2.4.0.tgz",
      "integrity": "sha512-C94F07OOb5Ciq2BY4CklIQG+WJFA6QoTFDQl8JJloJgPI12b9kmyP8uRgfq4VAHHusqKqIvA8AB6VZuGg5lagg==",
      "requires": {
        "@polymer/polymer": "^3.0.0",
        "@vaadin/vaadin-control-state-mixin": "^2.2.1",
        "@vaadin/vaadin-element-mixin": "^2.4.1",
        "@vaadin/vaadin-lumo-styles": "^1.3.3",
        "@vaadin/vaadin-material-styles": "^1.2.0",
        "@vaadin/vaadin-themable-mixin": "^1.6.1"
      }
    },
    "@vaadin/vaadin-control-state-mixin": {
      "version": "2.2.4",
      "resolved": "https://registry.npmjs.org/@vaadin/vaadin-control-state-mixin/-/vaadin-control-state-mixin-2.2.4.tgz",
      "integrity": "sha512-oGsNaWbM6RisY1LkyWYtwnw+DtSRSpkFDbemEOtkYezj+Hhsd9+07LqILaUU4pB0zPaRq+uq+2tKba/TL3t23g==",
      "requires": {
        "@polymer/polymer": "^3.0.0"
      }
    },
    "@vaadin/vaadin-development-mode-detector": {
      "version": "2.0.4",
      "resolved": "https://registry.npmjs.org/@vaadin/vaadin-development-mode-detector/-/vaadin-development-mode-detector-2.0.4.tgz",
      "integrity": "sha512-S+PaFrZpK8uBIOnIHxjntTrgumd5ztuCnZww96ydGKXgo9whXfZsbMwDuD/102a/IuPUMyF+dh/n3PbWzJ6igA=="
    },
    "@vaadin/vaadin-element-mixin": {
      "version": "2.4.2",
      "resolved": "https://registry.npmjs.org/@vaadin/vaadin-element-mixin/-/vaadin-element-mixin-2.4.2.tgz",
      "integrity": "sha512-VSDVK0XUsFe/RohpwSzQwgqb2Pwpok6sDNhIDS4CARr3HPhq2voMzT/FowFbkEy0J1hFtN/ZfC7tkv3kdEKKIQ==",
      "requires": {
        "@polymer/polymer": "^3.0.0",
        "@vaadin/vaadin-development-mode-detector": "^2.0.0",
        "@vaadin/vaadin-usage-statistics": "^2.1.0"
      }
    },
    "@vaadin/vaadin-lumo-styles": {
      "version": "1.6.1",
      "resolved": "https://registry.npmjs.org/@vaadin/vaadin-lumo-styles/-/vaadin-lumo-styles-1.6.1.tgz",
      "integrity": "sha512-Yh9ZcekpY7byXP1QJnfx94rVvK71xHBEspsVV7LL7YMvqXU4EAYuzQGYsljryV4PGS9PFPD6sqbGqhEkIhHPnQ==",
      "requires": {
        "@polymer/iron-icon": "^3.0.0",
        "@polymer/iron-iconset-svg": "^3.0.0",
        "@polymer/polymer": "^3.0.0"
      }
    },
    "@vaadin/vaadin-material-styles": {
      "version": "1.3.2",
      "resolved": "https://registry.npmjs.org/@vaadin/vaadin-material-styles/-/vaadin-material-styles-1.3.2.tgz",
      "integrity": "sha512-EFrvGScoxhLNrPnWtT2Ia77whjF2TD4jrcyeh1jv9joCA2n5SUba+4XJciVSGmopqqQato6lwRnZSvMLJX7cyw==",
      "requires": {
        "@polymer/polymer": "^3.0.0"
      }
    },
    "@vaadin/vaadin-progress-bar": {
      "version": "1.3.0",
      "resolved": "https://registry.npmjs.org/@vaadin/vaadin-progress-bar/-/vaadin-progress-bar-1.3.0.tgz",
      "integrity": "sha512-kPkG2M99UHHJVMX8TNN++KdU/rLTsDuDTNLUypcNVWDGDo0oHOY2P29yqwu8x6rGM3bIzgyQIgNSukKmIAjYcQ==",
      "requires": {
        "@polymer/polymer": "^3.0.0",
        "@vaadin/vaadin-element-mixin": "^2.4.1",
        "@vaadin/vaadin-lumo-styles": "^1.1.0",
        "@vaadin/vaadin-material-styles": "^1.1.0",
        "@vaadin/vaadin-themable-mixin": "^1.6.1"
      }
    },
    "@vaadin/vaadin-themable-mixin": {
      "version": "1.6.2",
      "resolved": "https://registry.npmjs.org/@vaadin/vaadin-themable-mixin/-/vaadin-themable-mixin-1.6.2.tgz",
      "integrity": "sha512-PZZOZnke3KUlZsDrRVbWxAGEeFBPRyRayNRCvip0XnQK+Zs3cLuRgdgbdro3Ir9LZ3Izsw6HqA6XNMKffEP67A==",
      "requires": {
        "@polymer/polymer": "^3.0.0",
        "lit-element": "^2.0.0"
      }
    },
    "@vaadin/vaadin-upload": {
      "version": "4.4.1",
      "resolved": "https://registry.npmjs.org/@vaadin/vaadin-upload/-/vaadin-upload-4.4.1.tgz",
      "integrity": "sha512-2ghzKd7AhdUAQ1SmXTeplNYpQ/q2Zx8WFzLj3l3BGpOTd4pmW204SvqBlBf1k0gxF+4gehV5xtEMqih4TQDuHg==",
      "requires": {
        "@polymer/polymer": "^3.0.0",
        "@vaadin/vaadin-button": "^2.4.0",
        "@vaadin/vaadin-element-mixin": "^2.4.1",
        "@vaadin/vaadin-lumo-styles": "^1.1.0",
        "@vaadin/vaadin-material-styles": "^1.1.0",
        "@vaadin/vaadin-progress-bar": "^1.3.0",
        "@vaadin/vaadin-themable-mixin": "^1.6.1"
      }
    },
    "@vaadin/vaadin-usage-statistics": {
      "version": "2.1.0",
      "resolved": "https://registry.npmjs.org/@vaadin/vaadin-usage-statistics/-/vaadin-usage-statistics-2.1.0.tgz",
      "integrity": "sha512-e81nbqY5zsaYhLJuOVkJkB/Um1pGK5POIqIlTNhUfjeoyGaJ63tiX8+D5n6F+GgVxUTLUarsKa6SKRcQel0AzA==",
      "requires": {
        "@vaadin/vaadin-development-mode-detector": "^2.0.0"
      }
    },
    "@webcomponents/shadycss": {
      "version": "1.10.2",
      "resolved": "https://registry.npmjs.org/@webcomponents/shadycss/-/shadycss-1.10.2.tgz",
      "integrity": "sha512-9Iseu8bRtecb0klvv+WXZOVZatsRkbaH7M97Z+f+Pt909R4lDfgUODAnra23DOZTpeMTAkVpf4m/FZztN7Ox1A=="
    },
    "lit-element": {
      "version": "2.4.0",
      "resolved": "https://registry.npmjs.org/lit-element/-/lit-element-2.4.0.tgz",
      "integrity": "sha512-pBGLglxyhq/Prk2H91nA0KByq/hx/wssJBQFiYqXhGDvEnY31PRGYf1RglVzyLeRysu0IHm2K0P196uLLWmwFg==",
      "requires": {
        "lit-html": "^1.1.1"
      }
    },
    "lit-html": {
      "version": "1.3.0",
      "resolved": "https://registry.npmjs.org/lit-html/-/lit-html-1.3.0.tgz",
      "integrity": "sha512-0Q1bwmaFH9O14vycPHw8C/IeHMk/uSDldVLIefu/kfbTBGIc44KGH6A8p1bDfxUfHdc8q6Ct7kQklWoHgr4t1Q=="
    },
    "monaco-editor": {
      "version": "0.15.6",
      "resolved": "https://registry.npmjs.org/monaco-editor/-/monaco-editor-0.15.6.tgz",
      "integrity": "sha512-JoU9V9k6KqT9R9Tiw1RTU8ohZ+Xnf9DMg6Ktqqw5hILumwmq7xqa/KLXw513uTUsWbhtnHoSJYYR++u3pkyxJg=="
    }
  }
}
